// !$*UTF8*$!
{
	archiveVersion = 1;
	classes = {
	};
	objectVersion = 77;
	objects = {

/* Begin PBXBuildFile section */
		8CC427B42E4845DD003D5E74 /* Accelerate.framework in Frameworks */ = {isa = PBXBuildFile; fileRef = 8CC427B32E4845DD003D5E74 /* Accelerate.framework */; };
		8CC427B62E4845E5003D5E74 /* Metal.framework in Frameworks */ = {isa = PBXBuildFile; fileRef = 8CC427B52E4845E5003D5E74 /* Metal.framework */; };
		8CC427B82E4845F0003D5E74 /* MetalPerformanceShaders.framework in Frameworks */ = {isa = PBXBuildFile; fileRef = 8CC427B72E4845F0003D5E74 /* MetalPerformanceShaders.framework */; };
		8CC427BA2E4845F5003D5E74 /* CoreML.framework in Frameworks */ = {isa = PBXBuildFile; fileRef = 8CC427B92E4845F5003D5E74 /* CoreML.framework */; };
		8CE8DBBC2E46E681006A9CB2 /* LeapSDK in Frameworks */ = {isa = PBXBuildFile; productRef = 8CE8DBBB2E46E681006A9CB2 /* LeapSDK */; };
/* End PBXBuildFile section */

/* Begin PBXContainerItemProxy section */
		8CE8DB2A2E457611006A9CB2 /* PBXContainerItemProxy */ = {
			isa = PBXContainerItemProxy;
			containerPortal = 8CE8DB0F2E457610006A9CB2 /* Project object */;
			proxyType = 1;
			remoteGlobalIDString = 8CE8DB162E457610006A9CB2;
			remoteInfo = Vera;
		};
		8CE8DB342E457611006A9CB2 /* PBXContainerItemProxy */ = {
			isa = PBXContainerItemProxy;
			containerPortal = 8CE8DB0F2E457610006A9CB2 /* Project object */;
			proxyType = 1;
			remoteGlobalIDString = 8CE8DB162E457610006A9CB2;
			remoteInfo = Vera;
		};
/* End PBXContainerItemProxy section */

/* Begin PBXFileReference section */
		8CC427B32E4845DD003D5E74 /* Accelerate.framework */ = {isa = PBXFileReference; lastKnownFileType = wrapper.framework; name = Accelerate.framework; path = System/Library/Frameworks/Accelerate.framework; sourceTree = SDKROOT; };
		8CC427B52E4845E5003D5E74 /* Metal.framework */ = {isa = PBXFileReference; lastKnownFileType = wrapper.framework; name = Metal.framework; path = System/Library/Frameworks/Metal.framework; sourceTree = SDKROOT; };
		8CC427B72E4845F0003D5E74 /* MetalPerformanceShaders.framework */ = {isa = PBXFileReference; lastKnownFileType = wrapper.framework; name = MetalPerformanceShaders.framework; path = System/Library/Frameworks/MetalPerformanceShaders.framework; sourceTree = SDKROOT; };
		8CC427B92E4845F5003D5E74 /* CoreML.framework */ = {isa = PBXFileReference; lastKnownFileType = wrapper.framework; name = CoreML.framework; path = System/Library/Frameworks/CoreML.framework; sourceTree = SDKROOT; };
		8CE8DB172E457610006A9CB2 /* Vera.app */ = {isa = PBXFileReference; explicitFileType = wrapper.application; includeInIndex = 0; path = Vera.app; sourceTree = BUILT_PRODUCTS_DIR; };
		8CE8DB292E457611006A9CB2 /* VeraTests.xctest */ = {isa = PBXFileReference; explicitFileType = wrapper.cfbundle; includeInIndex = 0; path = VeraTests.xctest; sourceTree = BUILT_PRODUCTS_DIR; };
		8CE8DB332E457611006A9CB2 /* VeraUITests.xctest */ = {isa = PBXFileReference; explicitFileType = wrapper.cfbundle; includeInIndex = 0; path = VeraUITests.xctest; sourceTree = BUILT_PRODUCTS_DIR; };
/* End PBXFileReference section */

/* Begin PBXFileSystemSynchronizedRootGroup section */
		8CE8DB192E457610006A9CB2 /* Vera */ = {
			isa = PBXFileSystemSynchronizedRootGroup;
			path = Vera;
			sourceTree = "<group>";
		};
		8CE8DB2C2E457611006A9CB2 /* VeraTests */ = {
			isa = PBXFileSystemSynchronizedRootGroup;
			path = VeraTests;
			sourceTree = "<group>";
		};
		8CE8DB362E457611006A9CB2 /* VeraUITests */ = {
			isa = PBXFileSystemSynchronizedRootGroup;
			path = VeraUITests;
			sourceTree = "<group>";
		};
/* End PBXFileSystemSynchronizedRootGroup section */

/* Begin PBXFrameworksBuildPhase section */
		8CE8DB142E457610006A9CB2 /* Frameworks */ = {
			isa = PBXFrameworksBuildPhase;
			buildActionMask = 2147483647;
			files = (
				8CC427BA2E4845F5003D5E74 /* CoreML.framework in Frameworks */,
				8CC427B82E4845F0003D5E74 /* MetalPerformanceShaders.framework in Frameworks */,
				8CC427B62E4845E5003D5E74 /* Metal.framework in Frameworks */,
				8CC427B42E4845DD003D5E74 /* Accelerate.framework in Frameworks */,
				8CE8DBBC2E46E681006A9CB2 /* LeapSDK in Frameworks */,
			);
			runOnlyForDeploymentPostprocessing = 0;
		};
		8CE8DB262E457611006A9CB2 /* Frameworks */ = {
			isa = PBXFrameworksBuildPhase;
			buildActionMask = 2147483647;
			files = (
			);
			runOnlyForDeploymentPostprocessing = 0;
		};
		8CE8DB302E457611006A9CB2 /* Frameworks */ = {
			isa = PBXFrameworksBuildPhase;
			buildActionMask = 2147483647;
			files = (
			);
			runOnlyForDeploymentPostprocessing = 0;
		};
/* End PBXFrameworksBuildPhase section */

/* Begin PBXGroup section */
		8CC427B22E4845DD003D5E74 /* Frameworks */ = {
			isa = PBXGroup;
			children = (
				8CC427B92E4845F5003D5E74 /* CoreML.framework */,
				8CC427B72E4845F0003D5E74 /* MetalPerformanceShaders.framework */,
				8CC427B52E4845E5003D5E74 /* Metal.framework */,
				8CC427B32E4845DD003D5E74 /* Accelerate.framework */,
			);
			name = Frameworks;
			sourceTree = "<group>";
		};
		8CE8DB0E2E457610006A9CB2 = {
			isa = PBXGroup;
			children = (
				8CE8DB192E457610006A9CB2 /* Vera */,
				8CE8DB2C2E457611006A9CB2 /* VeraTests */,
				8CE8DB362E457611006A9CB2 /* VeraUITests */,
				8CC427B22E4845DD003D5E74 /* Frameworks */,
				8CE8DB182E457610006A9CB2 /* Products */,
			);
			sourceTree = "<group>";
		};
		8CE8DB182E457610006A9CB2 /* Products */ = {
			isa = PBXGroup;
			children = (
				8CE8DB172E457610006A9CB2 /* Vera.app */,
				8CE8DB292E457611006A9CB2 /* VeraTests.xctest */,
				8CE8DB332E457611006A9CB2 /* VeraUITests.xctest */,
			);
			name = Products;
			sourceTree = "<group>";
		};
/* End PBXGroup section */

/* Begin PBXNativeTarget section */
		8CE8DB162E457610006A9CB2 /* Vera */ = {
			isa = PBXNativeTarget;
			buildConfigurationList = 8CE8DB3D2E457611006A9CB2 /* Build configuration list for PBXNativeTarget "Vera" */;
			buildPhases = (
				8CE8DB132E457610006A9CB2 /* Sources */,
				8CE8DB142E457610006A9CB2 /* Frameworks */,
				8CE8DB152E457610006A9CB2 /* Resources */,
			);
			buildRules = (
			);
			dependencies = (
			);
			fileSystemSynchronizedGroups = (
				8CE8DB192E457610006A9CB2 /* Vera */,
			);
			name = Vera;
			packageProductDependencies = (
				8CE8DBBB2E46E681006A9CB2 /* LeapSDK */,
			);
			productName = Vera;
			productReference = 8CE8DB172E457610006A9CB2 /* Vera.app */;
			productType = "com.apple.product-type.application";
		};
		8CE8DB282E457611006A9CB2 /* VeraTests */ = {
			isa = PBXNativeTarget;
			buildConfigurationList = 8CE8DB402E457611006A9CB2 /* Build configuration list for PBXNativeTarget "VeraTests" */;
			buildPhases = (
				8CE8DB252E457611006A9CB2 /* Sources */,
				8CE8DB262E457611006A9CB2 /* Frameworks */,
				8CE8DB272E457611006A9CB2 /* Resources */,
			);
			buildRules = (
			);
			dependencies = (
				8CE8DB2B2E457611006A9CB2 /* PBXTargetDependency */,
			);
			fileSystemSynchronizedGroups = (
				8CE8DB2C2E457611006A9CB2 /* VeraTests */,
			);
			name = VeraTests;
			packageProductDependencies = (
			);
			productName = VeraTests;
			productReference = 8CE8DB292E457611006A9CB2 /* VeraTests.xctest */;
			productType = "com.apple.product-type.bundle.unit-test";
		};
		8CE8DB322E457611006A9CB2 /* VeraUITests */ = {
			isa = PBXNativeTarget;
			buildConfigurationList = 8CE8DB432E457611006A9CB2 /* Build configuration list for PBXNativeTarget "VeraUITests" */;
			buildPhases = (
				8CE8DB2F2E457611006A9CB2 /* Sources */,
				8CE8DB302E457611006A9CB2 /* Frameworks */,
				8CE8DB312E457611006A9CB2 /* Resources */,
			);
			buildRules = (
			);
			dependencies = (
				8CE8DB352E457611006A9CB2 /* PBXTargetDependency */,
			);
			fileSystemSynchronizedGroups = (
				8CE8DB362E457611006A9CB2 /* VeraUITests */,
			);
			name = VeraUITests;
			packageProductDependencies = (
			);
			productName = VeraUITests;
			productReference = 8CE8DB332E457611006A9CB2 /* VeraUITests.xctest */;
			productType = "com.apple.product-type.bundle.ui-testing";
		};
/* End PBXNativeTarget section */

/* Begin PBXProject section */
		8CE8DB0F2E457610006A9CB2 /* Project object */ = {
			isa = PBXProject;
			attributes = {
				BuildIndependentTargetsInParallel = 1;
				LastSwiftUpdateCheck = 1640;
				LastUpgradeCheck = 1640;
				TargetAttributes = {
					8CE8DB162E457610006A9CB2 = {
						CreatedOnToolsVersion = 16.4;
					};
					8CE8DB282E457611006A9CB2 = {
						CreatedOnToolsVersion = 16.4;
						TestTargetID = 8CE8DB162E457610006A9CB2;
					};
					8CE8DB322E457611006A9CB2 = {
						CreatedOnToolsVersion = 16.4;
						TestTargetID = 8CE8DB162E457610006A9CB2;
					};
				};
			};
			buildConfigurationList = 8CE8DB122E457610006A9CB2 /* Build configuration list for PBXProject "Vera" */;
			developmentRegion = en;
			hasScannedForEncodings = 0;
			knownRegions = (
				en,
				Base,
			);
			mainGroup = 8CE8DB0E2E457610006A9CB2;
			minimizedProjectReferenceProxies = 1;
			packageReferences = (
				8CE8DBBA2E46E681006A9CB2 /* XCRemoteSwiftPackageReference "leap-ios" */,
			);
			preferredProjectObjectVersion = 77;
			productRefGroup = 8CE8DB182E457610006A9CB2 /* Products */;
			projectDirPath = "";
			projectRoot = "";
			targets = (
				8CE8DB162E457610006A9CB2 /* Vera */,
				8CE8DB282E457611006A9CB2 /* VeraTests */,
				8CE8DB322E457611006A9CB2 /* VeraUITests */,
			);
		};
/* End PBXProject section */

/* Begin PBXResourcesBuildPhase section */
		8CE8DB152E457610006A9CB2 /* Resources */ = {
			isa = PBXResourcesBuildPhase;
			buildActionMask = 2147483647;
			files = (
			);
			runOnlyForDeploymentPostprocessing = 0;
		};
		8CE8DB272E457611006A9CB2 /* Resources */ = {
			isa = PBXResourcesBuildPhase;
			buildActionMask = 2147483647;
			files = (
			);
			runOnlyForDeploymentPostprocessing = 0;
		};
		8CE8DB312E457611006A9CB2 /* Resources */ = {
			isa = PBXResourcesBuildPhase;
			buildActionMask = 2147483647;
			files = (
			);
			runOnlyForDeploymentPostprocessing = 0;
		};
/* End PBXResourcesBuildPhase section */

/* Begin PBXSourcesBuildPhase section */
		8CE8DB132E457610006A9CB2 /* Sources */ = {
			isa = PBXSourcesBuildPhase;
			buildActionMask = 2147483647;
			files = (
			);
			runOnlyForDeploymentPostprocessing = 0;
		};
		8CE8DB252E457611006A9CB2 /* Sources */ = {
			isa = PBXSourcesBuildPhase;
			buildActionMask = 2147483647;
			files = (
			);
			runOnlyForDeploymentPostprocessing = 0;
		};
		8CE8DB2F2E457611006A9CB2 /* Sources */ = {
			isa = PBXSourcesBuildPhase;
			buildActionMask = 2147483647;
			files = (
			);
			runOnlyForDeploymentPostprocessing = 0;
		};
/* End PBXSourcesBuildPhase section */

/* Begin PBXTargetDependency section */
		8CE8DB2B2E457611006A9CB2 /* PBXTargetDependency */ = {
			isa = PBXTargetDependency;
			target = 8CE8DB162E457610006A9CB2 /* Vera */;
			targetProxy = 8CE8DB2A2E457611006A9CB2 /* PBXContainerItemProxy */;
		};
		8CE8DB352E457611006A9CB2 /* PBXTargetDependency */ = {
			isa = PBXTargetDependency;
			target = 8CE8DB162E457610006A9CB2 /* Vera */;
			targetProxy = 8CE8DB342E457611006A9CB2 /* PBXContainerItemProxy */;
		};
/* End PBXTargetDependency section */

/* Begin XCBuildConfiguration section */
		8CE8DB3B2E457611006A9CB2 /* Debug */ = {
			isa = XCBuildConfiguration;
			buildSettings = {
				ALWAYS_SEARCH_USER_PATHS = NO;
				ASSETCATALOG_COMPILER_GENERATE_SWIFT_ASSET_SYMBOL_EXTENSIONS = YES;
				CLANG_ANALYZER_NONNULL = YES;
				CLANG_ANALYZER_NUMBER_OBJECT_CONVERSION = YES_AGGRESSIVE;
				CLANG_CXX_LANGUAGE_STANDARD = "gnu++20";
				CLANG_ENABLE_MODULES = YES;
				CLANG_ENABLE_OBJC_ARC = YES;
				CLANG_ENABLE_OBJC_WEAK = YES;
				CLANG_WARN_BLOCK_CAPTURE_AUTORELEASING = YES;
				CLANG_WARN_BOOL_CONVERSION = YES;
				CLANG_WARN_COMMA = YES;
				CLANG_WARN_CONSTANT_CONVERSION = YES;
				CLANG_WARN_DEPRECATED_OBJC_IMPLEMENTATIONS = YES;
				CLANG_WARN_DIRECT_OBJC_ISA_USAGE = YES_ERROR;
				CLANG_WARN_DOCUMENTATION_COMMENTS = YES;
				CLANG_WARN_EMPTY_BODY = YES;
				CLANG_WARN_ENUM_CONVERSION = YES;
				CLANG_WARN_INFINITE_RECURSION = YES;
				CLANG_WARN_INT_CONVERSION = YES;
				CLANG_WARN_NON_LITERAL_NULL_CONVERSION = YES;
				CLANG_WARN_OBJC_IMPLICIT_RETAIN_SELF = YES;
				CLANG_WARN_OBJC_LITERAL_CONVERSION = YES;
				CLANG_WARN_OBJC_ROOT_CLASS = YES_ERROR;
				CLANG_WARN_QUOTED_INCLUDE_IN_FRAMEWORK_HEADER = YES;
				CLANG_WARN_RANGE_LOOP_ANALYSIS = YES;
				CLANG_WARN_STRICT_PROTOTYPES = YES;
				CLANG_WARN_SUSPICIOUS_MOVE = YES;
				CLANG_WARN_UNGUARDED_AVAILABILITY = YES_AGGRESSIVE;
				CLANG_WARN_UNREACHABLE_CODE = YES;
				CLANG_WARN__DUPLICATE_METHOD_MATCH = YES;
				COPY_PHASE_STRIP = NO;
				DEBUG_INFORMATION_FORMAT = dwarf;
				DEVELOPMENT_TEAM = M6QB73QRG6;
				ENABLE_STRICT_OBJC_MSGSEND = YES;
				ENABLE_TESTABILITY = YES;
				ENABLE_USER_SCRIPT_SANDBOXING = YES;
				GCC_C_LANGUAGE_STANDARD = gnu17;
				GCC_DYNAMIC_NO_PIC = NO;
				GCC_NO_COMMON_BLOCKS = YES;
				GCC_OPTIMIZATION_LEVEL = 0;
				GCC_PREPROCESSOR_DEFINITIONS = (
					"DEBUG=1",
					"$(inherited)",
				);
				GCC_WARN_64_TO_32_BIT_CONVERSION = YES;
				GCC_WARN_ABOUT_RETURN_TYPE = YES_ERROR;
				GCC_WARN_UNDECLARED_SELECTOR = YES;
				GCC_WARN_UNINITIALIZED_AUTOS = YES_AGGRESSIVE;
				GCC_WARN_UNUSED_FUNCTION = YES;
				GCC_WARN_UNUSED_VARIABLE = YES;
				IPHONEOS_DEPLOYMENT_TARGET = 18.5;
				LOCALIZATION_PREFERS_STRING_CATALOGS = YES;
				MTL_ENABLE_DEBUG_INFO = INCLUDE_SOURCE;
				MTL_FAST_MATH = YES;
				ONLY_ACTIVE_ARCH = YES;
				SDKROOT = iphoneos;
				SWIFT_ACTIVE_COMPILATION_CONDITIONS = "DEBUG $(inherited)";
				SWIFT_OPTIMIZATION_LEVEL = "-Onone";
			};
			name = Debug;
		};
		8CE8DB3C2E457611006A9CB2 /* Release */ = {
			isa = XCBuildConfiguration;
			buildSettings = {
				ALWAYS_SEARCH_USER_PATHS = NO;
				ASSETCATALOG_COMPILER_GENERATE_SWIFT_ASSET_SYMBOL_EXTENSIONS = YES;
				CLANG_ANALYZER_NONNULL = YES;
				CLANG_ANALYZER_NUMBER_OBJECT_CONVERSION = YES_AGGRESSIVE;
				CLANG_CXX_LANGUAGE_STANDARD = "gnu++20";
				CLANG_ENABLE_MODULES = YES;
				CLANG_ENABLE_OBJC_ARC = YES;
				CLANG_ENABLE_OBJC_WEAK = YES;
				CLANG_WARN_BLOCK_CAPTURE_AUTORELEASING = YES;
				CLANG_WARN_BOOL_CONVERSION = YES;
				CLANG_WARN_COMMA = YES;
				CLANG_WARN_CONSTANT_CONVERSION = YES;
				CLANG_WARN_DEPRECATED_OBJC_IMPLEMENTATIONS = YES;
				CLANG_WARN_DIRECT_OBJC_ISA_USAGE = YES_ERROR;
				CLANG_WARN_DOCUMENTATION_COMMENTS = YES;
				CLANG_WARN_EMPTY_BODY = YES;
				CLANG_WARN_ENUM_CONVERSION = YES;
				CLANG_WARN_INFINITE_RECURSION = YES;
				CLANG_WARN_INT_CONVERSION = YES;
				CLANG_WARN_NON_LITERAL_NULL_CONVERSION = YES;
				CLANG_WARN_OBJC_IMPLICIT_RETAIN_SELF = YES;
				CLANG_WARN_OBJC_LITERAL_CONVERSION = YES;
				CLANG_WARN_OBJC_ROOT_CLASS = YES_ERROR;
				CLANG_WARN_QUOTED_INCLUDE_IN_FRAMEWORK_HEADER = YES;
				CLANG_WARN_RANGE_LOOP_ANALYSIS = YES;
				CLANG_WARN_STRICT_PROTOTYPES = YES;
				CLANG_WARN_SUSPICIOUS_MOVE = YES;
				CLANG_WARN_UNGUARDED_AVAILABILITY = YES_AGGRESSIVE;
				CLANG_WARN_UNREACHABLE_CODE = YES;
				CLANG_WARN__DUPLICATE_METHOD_MATCH = YES;
				COPY_PHASE_STRIP = NO;
				DEBUG_INFORMATION_FORMAT = "dwarf-with-dsym";
				DEVELOPMENT_TEAM = M6QB73QRG6;
				ENABLE_NS_ASSERTIONS = NO;
				ENABLE_STRICT_OBJC_MSGSEND = YES;
				ENABLE_USER_SCRIPT_SANDBOXING = YES;
				GCC_C_LANGUAGE_STANDARD = gnu17;
				GCC_NO_COMMON_BLOCKS = YES;
				GCC_WARN_64_TO_32_BIT_CONVERSION = YES;
				GCC_WARN_ABOUT_RETURN_TYPE = YES_ERROR;
				GCC_WARN_UNDECLARED_SELECTOR = YES;
				GCC_WARN_UNINITIALIZED_AUTOS = YES_AGGRESSIVE;
				GCC_WARN_UNUSED_FUNCTION = YES;
				GCC_WARN_UNUSED_VARIABLE = YES;
				IPHONEOS_DEPLOYMENT_TARGET = 18.5;
				LOCALIZATION_PREFERS_STRING_CATALOGS = YES;
				MTL_ENABLE_DEBUG_INFO = NO;
				MTL_FAST_MATH = YES;
				SDKROOT = iphoneos;
				SWIFT_COMPILATION_MODE = wholemodule;
				VALIDATE_PRODUCT = YES;
			};
			name = Release;
		};
		8CE8DB3E2E457611006A9CB2 /* Debug */ = {
			isa = XCBuildConfiguration;
			buildSettings = {
				ASSETCATALOG_COMPILER_APPICON_NAME = AppIcon;
				ASSETCATALOG_COMPILER_GLOBAL_ACCENT_COLOR_NAME = AccentColor;
				CODE_SIGN_STYLE = Automatic;
				CURRENT_PROJECT_VERSION = 1;
				DEVELOPMENT_TEAM = M6QB73QRG6;
				ENABLE_PREVIEWS = YES;
				GENERATE_INFOPLIST_FILE = YES;
				INFOPLIST_KEY_UIApplicationSceneManifest_Generation = YES;
				INFOPLIST_KEY_UIApplicationSupportsIndirectInputEvents = YES;
				INFOPLIST_KEY_UILaunchScreen_Generation = YES;
				INFOPLIST_KEY_UISupportedInterfaceOrientations_iPad = "UIInterfaceOrientationPortrait UIInterfaceOrientationPortraitUpsideDown UIInterfaceOrientationLandscapeLeft UIInterfaceOrientationLandscapeRight";
				INFOPLIST_KEY_UISupportedInterfaceOrientations_iPhone = "UIInterfaceOrientationPortrait UIInterfaceOrientationLandscapeLeft UIInterfaceOrientationLandscapeRight";
				INFOPLIST_KEY_NSMicrophoneUsageDescription = "Vera needs microphone access to record your thoughts and ideas for organization.";
				INFOPLIST_KEY_NSSpeechRecognitionUsageDescription = "Vera transcribes your speech locally to organize your thoughts without sending data to any servers.";
				INFOPLIST_KEY_NSUserNotificationsUsageDescription = "Vera sends reminders about your actions and insights from your recorded thoughts.";
				LD_RUNPATH_SEARCH_PATHS = (
					"$(inherited)",
					"@executable_path/Frameworks",
				);
				MARKETING_VERSION = 1.0;
				OTHER_LDFLAGS = (
					"-ObjC",
					"-all_load",
				);
				PRODUCT_BUNDLE_IDENTIFIER = com.lechiffre.Vera;
				PRODUCT_NAME = "$(TARGET_NAME)";
				SWIFT_EMIT_LOC_STRINGS = YES;
				SWIFT_VERSION = 5.0;
				TARGETED_DEVICE_FAMILY = "1,2";
			};
			name = Debug;
		};
		8CE8DB3F2E457611006A9CB2 /* Release */ = {
			isa = XCBuildConfiguration;
			buildSettings = {
				ASSETCATALOG_COMPILER_APPICON_NAME = AppIcon;
				ASSETCATALOG_COMPILER_GLOBAL_ACCENT_COLOR_NAME = AccentColor;
				CODE_SIGN_STYLE = Automatic;
				CURRENT_PROJECT_VERSION = 1;
				DEVELOPMENT_TEAM = M6QB73QRG6;
				ENABLE_PREVIEWS = YES;
				GENERATE_INFOPLIST_FILE = YES;
				INFOPLIST_KEY_UIApplicationSceneManifest_Generation = YES;
				INFOPLIST_KEY_UIApplicationSupportsIndirectInputEvents = YES;
				INFOPLIST_KEY_UILaunchScreen_Generation = YES;
				INFOPLIST_KEY_UISupportedInterfaceOrientations_iPad = "UIInterfaceOrientationPortrait UIInterfaceOrientationPortraitUpsideDown UIInterfaceOrientationLandscapeLeft UIInterfaceOrientationLandscapeRight";
				INFOPLIST_KEY_UISupportedInterfaceOrientations_iPhone = "UIInterfaceOrientationPortrait UIInterfaceOrientationLandscapeLeft UIInterfaceOrientationLandscapeRight";
				INFOPLIST_KEY_NSMicrophoneUsageDescription = "Vera needs microphone access to record your thoughts and ideas for organization.";
				INFOPLIST_KEY_NSSpeechRecognitionUsageDescription = "Vera transcribes your speech locally to organize your thoughts without sending data to any servers.";
				INFOPLIST_KEY_NSUserNotificationsUsageDescription = "Vera sends reminders about your actions and insights from your recorded thoughts.";
				LD_RUNPATH_SEARCH_PATHS = (
					"$(inherited)",
					"@executable_path/Frameworks",
				);
				MARKETING_VERSION = 1.0;
				OTHER_LDFLAGS = (
					"-ObjC",
					"-all_load",
				);
				PRODUCT_BUNDLE_IDENTIFIER = com.lechiffre.Vera;
				PRODUCT_NAME = "$(TARGET_NAME)";
				SWIFT_EMIT_LOC_STRINGS = YES;
				SWIFT_VERSION = 5.0;
				TARGETED_DEVICE_FAMILY = "1,2";
			};
			name = Release;
		};
		8CE8DB412E457611006A9CB2 /* Debug */ = {
			isa = XCBuildConfiguration;
			buildSettings = {
				BUNDLE_LOADER = "$(TEST_HOST)";
				CODE_SIGN_STYLE = Automatic;
				CURRENT_PROJECT_VERSION = 1;
				DEVELOPMENT_TEAM = M6QB73QRG6;
				GENERATE_INFOPLIST_FILE = YES;
				IPHONEOS_DEPLOYMENT_TARGET = 18.5;
				MARKETING_VERSION = 1.0;
				PRODUCT_BUNDLE_IDENTIFIER = com.lechiffre.VeraTests;
				PRODUCT_NAME = "$(TARGET_NAME)";
				SWIFT_EMIT_LOC_STRINGS = NO;
				SWIFT_VERSION = 5.0;
				TARGETED_DEVICE_FAMILY = "1,2";
				TEST_HOST = "$(BUILT_PRODUCTS_DIR)/Vera.app/$(BUNDLE_EXECUTABLE_FOLDER_PATH)/Vera";
			};
			name = Debug;
		};
		8CE8DB422E457611006A9CB2 /* Release */ = {
			isa = XCBuildConfiguration;
			buildSettings = {
				BUNDLE_LOADER = "$(TEST_HOST)";
				CODE_SIGN_STYLE = Automatic;
				CURRENT_PROJECT_VERSION = 1;
				DEVELOPMENT_TEAM = M6QB73QRG6;
				GENERATE_INFOPLIST_FILE = YES;
				IPHONEOS_DEPLOYMENT_TARGET = 18.5;
				MARKETING_VERSION = 1.0;
				PRODUCT_BUNDLE_IDENTIFIER = com.lechiffre.VeraTests;
				PRODUCT_NAME = "$(TARGET_NAME)";
				SWIFT_EMIT_LOC_STRINGS = NO;
				SWIFT_VERSION = 5.0;
				TARGETED_DEVICE_FAMILY = "1,2";
				TEST_HOST = "$(BUILT_PRODUCTS_DIR)/Vera.app/$(BUNDLE_EXECUTABLE_FOLDER_PATH)/Vera";
			};
			name = Release;
		};
		8CE8DB442E457611006A9CB2 /* Debug */ = {
			isa = XCBuildConfiguration;
			buildSettings = {
				CODE_SIGN_STYLE = Automatic;
				CURRENT_PROJECT_VERSION = 1;
				DEVELOPMENT_TEAM = M6QB73QRG6;
				GENERATE_INFOPLIST_FILE = YES;
				MARKETING_VERSION = 1.0;
				PRODUCT_BUNDLE_IDENTIFIER = com.lechiffre.VeraUITests;
				PRODUCT_NAME = "$(TARGET_NAME)";
				SWIFT_EMIT_LOC_STRINGS = NO;
				SWIFT_VERSION = 5.0;
				TARGETED_DEVICE_FAMILY = "1,2";
				TEST_TARGET_NAME = Vera;
			};
			name = Debug;
		};
		8CE8DB452E457611006A9CB2 /* Release */ = {
			isa = XCBuildConfiguration;
			buildSettings = {
				CODE_SIGN_STYLE = Automatic;
				CURRENT_PROJECT_VERSION = 1;
				DEVELOPMENT_TEAM = M6QB73QRG6;
				GENERATE_INFOPLIST_FILE = YES;
				MARKETING_VERSION = 1.0;
				PRODUCT_BUNDLE_IDENTIFIER = com.lechiffre.VeraUITests;
				PRODUCT_NAME = "$(TARGET_NAME)";
				SWIFT_EMIT_LOC_STRINGS = NO;
				SWIFT_VERSION = 5.0;
				TARGETED_DEVICE_FAMILY = "1,2";
				TEST_TARGET_NAME = Vera;
			};
			name = Release;
		};
/* End XCBuildConfiguration section */

/* Begin XCConfigurationList section */
		8CE8DB122E457610006A9CB2 /* Build configuration list for PBXProject "Vera" */ = {
			isa = XCConfigurationList;
			buildConfigurations = (
				8CE8DB3B2E457611006A9CB2 /* Debug */,
				8CE8DB3C2E457611006A9CB2 /* Release */,
			);
			defaultConfigurationIsVisible = 0;
			defaultConfigurationName = Release;
		};
		8CE8DB3D2E457611006A9CB2 /* Build configuration list for PBXNativeTarget "Vera" */ = {
			isa = XCConfigurationList;
			buildConfigurations = (
				8CE8DB3E2E457611006A9CB2 /* Debug */,
				8CE8DB3F2E457611006A9CB2 /* Release */,
			);
			defaultConfigurationIsVisible = 0;
			defaultConfigurationName = Release;
		};
		8CE8DB402E457611006A9CB2 /* Build configuration list for PBXNativeTarget "VeraTests" */ = {
			isa = XCConfigurationList;
			buildConfigurations = (
				8CE8DB412E457611006A9CB2 /* Debug */,
				8CE8DB422E457611006A9CB2 /* Release */,
			);
			defaultConfigurationIsVisible = 0;
			defaultConfigurationName = Release;
		};
		8CE8DB432E457611006A9CB2 /* Build configuration list for PBXNativeTarget "VeraUITests" */ = {
			isa = XCConfigurationList;
			buildConfigurations = (
				8CE8DB442E457611006A9CB2 /* Debug */,
				8CE8DB452E457611006A9CB2 /* Release */,
			);
			defaultConfigurationIsVisible = 0;
			defaultConfigurationName = Release;
		};
/* End XCConfigurationList section */

/* Begin XCRemoteSwiftPackageReference section */
		8CE8DBBA2E46E681006A9CB2 /* XCRemoteSwiftPackageReference "leap-ios" */ = {
			isa = XCRemoteSwiftPackageReference;
			repositoryURL = "https://github.com/Liquid4All/leap-ios.git";
			requirement = {
				branch = main;
				kind = branch;
			};
		};
/* End XCRemoteSwiftPackageReference section */

/* Begin XCSwiftPackageProductDependency section */
		8CE8DBBB2E46E681006A9CB2 /* LeapSDK */ = {
			isa = XCSwiftPackageProductDependency;
			package = 8CE8DBBA2E46E681006A9CB2 /* XCRemoteSwiftPackageReference "leap-ios" */;
			productName = LeapSDK;
		};
/* End XCSwiftPackageProductDependency section */
	};
	rootObject = 8CE8DB0F2E457610006A9CB2 /* Project object */;
}
