// !$*UTF8*$!
{
	archiveVersion = 1;
	classes = {
	};
	objectVersion = 77;
	objects = {

/* Begin PBXBuildFile section */
		8C2AADD22E4C741D00AE8768 /* LeapModelDownloader in Frameworks */ = {isa = PBXBuildFile; productRef = 8C2AADD12E4C741D00AE8768 /* LeapModelDownloader */; };
		8C2AADD42E4C741D00AE8768 /* LeapSDK in Frameworks */ = {isa = PBXBuildFile; productRef = 8C2AADD32E4C741D00AE8768 /* LeapSDK */; };
		8C65FED02E542D0000C51B85 /* LFM2-700M-8da4w_output_8da8w-seq_4096.bundle in Resources */ = {isa = PBXBuildFile; fileRef = 8C65FECF2E542D0000C51B85 /* LFM2-700M-8da4w_output_8da8w-seq_4096.bundle */; };
		8C65FEE42E542DC200C51B85 /* Assets.xcassets in Resources */ = {isa = PBXBuildFile; fileRef = 8C65FEE32E542DC200C51B85 /* Assets.xcassets */; };
		8C65FEE62E542DCD00C51B85 /* ContentView.swift in Sources */ = {isa = PBXBuildFile; fileRef = 8C65FEE52E542DCD00C51B85 /* ContentView.swift */; };
		8C65FEF52E542DD600C51B85 /* TranscriptionService.swift in Sources */ = {isa = PBXBuildFile; fileRef = 8C65FEF22E542DD600C51B85 /* TranscriptionService.swift */; };
		8C65FEF62E542DD600C51B85 /* MeetingRecordingService.swift in Sources */ = {isa = PBXBuildFile; fileRef = 8C65FEEF2E542DD600C51B85 /* MeetingRecordingService.swift */; };
		8C65FEF72E542DD600C51B85 /* View+InnerShadow.swift in Sources */ = {isa = PBXBuildFile; fileRef = 8C65FEE82E542DD600C51B85 /* View+InnerShadow.swift */; };
		8C65FEF82E542DD600C51B85 /* PersistenceController.swift in Sources */ = {isa = PBXBuildFile; fileRef = 8C65FEF02E542DD600C51B85 /* PersistenceController.swift */; };
		8C65FEF92E542DD600C51B85 /* StorageManager.swift in Sources */ = {isa = PBXBuildFile; fileRef = 8C65FEF12E542DD600C51B85 /* StorageManager.swift */; };
		8C65FEFA2E542DD600C51B85 /* Color+Extensions.swift in Sources */ = {isa = PBXBuildFile; fileRef = 8C65FEE72E542DD600C51B85 /* Color+Extensions.swift */; };
		8C65FEFB2E542DD600C51B85 /* MeetingEnhancementService.swift in Sources */ = {isa = PBXBuildFile; fileRef = 8C65FEEE2E542DD600C51B85 /* MeetingEnhancementService.swift */; };
		8C65FEFC2E542DD600C51B85 /* AudioRecorder.swift in Sources */ = {isa = PBXBuildFile; fileRef = 8C65FEEC2E542DD600C51B85 /* AudioRecorder.swift */; };
		8C65FEFD2E542DD600C51B85 /* LFM2Manager.swift in Sources */ = {isa = PBXBuildFile; fileRef = 8C65FEED2E542DD600C51B85 /* LFM2Manager.swift */; };
		8C65FEFE2E542DD600C51B85 /* Meeting.swift in Sources */ = {isa = PBXBuildFile; fileRef = 8C65FEEA2E542DD600C51B85 /* Meeting.swift */; };
		8C65FF012E542DE700C51B85 /* Vera.xcdatamodeld in Sources */ = {isa = PBXBuildFile; fileRef = 8C65FEFF2E542DE700C51B85 /* Vera.xcdatamodeld */; };
		8C65FF032E542DF100C51B85 /* VeraApp.swift in Sources */ = {isa = PBXBuildFile; fileRef = 8C65FF022E542DF100C51B85 /* VeraApp.swift */; };
		8C65FF0A2E542DF700C51B85 /* SingleNoteView.swift in Sources */ = {isa = PBXBuildFile; fileRef = 8C65FF072E542DF700C51B85 /* SingleNoteView.swift */; };
		8C65FF0B2E542DF700C51B85 /* TranscriptView.swift in Sources */ = {isa = PBXBuildFile; fileRef = 8C65FF082E542DF700C51B85 /* TranscriptView.swift */; };
		8C65FF0C2E542DF700C51B85 /* NoteListView.swift in Sources */ = {isa = PBXBuildFile; fileRef = 8C65FF062E542DF700C51B85 /* NoteListView.swift */; };
		8C65FF0D2E542DF700C51B85 /* PrimaryButtonStyle.swift in Sources */ = {isa = PBXBuildFile; fileRef = 8C65FF042E542DF700C51B85 /* PrimaryButtonStyle.swift */; };
		8CC427B42E4845DD003D5E74 /* Accelerate.framework in Frameworks */ = {isa = PBXBuildFile; fileRef = 8CC427B32E4845DD003D5E74 /* Accelerate.framework */; };
		8CC427B62E4845E5003D5E74 /* Metal.framework in Frameworks */ = {isa = PBXBuildFile; fileRef = 8CC427B52E4845E5003D5E74 /* Metal.framework */; };
		8CC427B82E4845F0003D5E74 /* MetalPerformanceShaders.framework in Frameworks */ = {isa = PBXBuildFile; fileRef = 8CC427B72E4845F0003D5E74 /* MetalPerformanceShaders.framework */; };
		8CC427BA2E4845F5003D5E74 /* CoreML.framework in Frameworks */ = {isa = PBXBuildFile; fileRef = 8CC427B92E4845F5003D5E74 /* CoreML.framework */; };
/* End PBXBuildFile section */

/* Begin PBXContainerItemProxy section */
		8CE8DB2A2E457611006A9CB2 /* PBXContainerItemProxy */ = {
			isa = PBXContainerItemProxy;
			containerPortal = 8CE8DB0F2E457610006A9CB2 /* Project object */;
			proxyType = 1;
			remoteGlobalIDString = 8CE8DB162E457610006A9CB2;
			remoteInfo = Vera;
		};
		8CE8DB342E457611006A9CB2 /* PBXContainerItemProxy */ = {
			isa = PBXContainerItemProxy;
			containerPortal = 8CE8DB0F2E457610006A9CB2 /* Project object */;
			proxyType = 1;
			remoteGlobalIDString = 8CE8DB162E457610006A9CB2;
			remoteInfo = Vera;
		};
/* End PBXContainerItemProxy section */

/* Begin PBXFileReference section */
		8C65FECF2E542D0000C51B85 /* LFM2-700M-8da4w_output_8da8w-seq_4096.bundle */ = {isa = PBXFileReference; lastKnownFileType = file; path = "LFM2-700M-8da4w_output_8da8w-seq_4096.bundle"; sourceTree = "<group>"; };
		8C65FEE32E542DC200C51B85 /* Assets.xcassets */ = {isa = PBXFileReference; lastKnownFileType = folder.assetcatalog; path = Assets.xcassets; sourceTree = "<group>"; };
		8C65FEE52E542DCD00C51B85 /* ContentView.swift */ = {isa = PBXFileReference; lastKnownFileType = sourcecode.swift; path = ContentView.swift; sourceTree = "<group>"; };
		8C65FEE72E542DD600C51B85 /* Color+Extensions.swift */ = {isa = PBXFileReference; lastKnownFileType = sourcecode.swift; path = "Color+Extensions.swift"; sourceTree = "<group>"; };
		8C65FEE82E542DD600C51B85 /* View+InnerShadow.swift */ = {isa = PBXFileReference; lastKnownFileType = sourcecode.swift; path = "View+InnerShadow.swift"; sourceTree = "<group>"; };
		8C65FEEA2E542DD600C51B85 /* Meeting.swift */ = {isa = PBXFileReference; lastKnownFileType = sourcecode.swift; path = Meeting.swift; sourceTree = "<group>"; };
		8C65FEEC2E542DD600C51B85 /* AudioRecorder.swift */ = {isa = PBXFileReference; lastKnownFileType = sourcecode.swift; path = AudioRecorder.swift; sourceTree = "<group>"; };
		8C65FEED2E542DD600C51B85 /* LFM2Manager.swift */ = {isa = PBXFileReference; lastKnownFileType = sourcecode.swift; path = LFM2Manager.swift; sourceTree = "<group>"; };
		8C65FEEE2E542DD600C51B85 /* MeetingEnhancementService.swift */ = {isa = PBXFileReference; lastKnownFileType = sourcecode.swift; path = MeetingEnhancementService.swift; sourceTree = "<group>"; };
		8C65FEEF2E542DD600C51B85 /* MeetingRecordingService.swift */ = {isa = PBXFileReference; lastKnownFileType = sourcecode.swift; path = MeetingRecordingService.swift; sourceTree = "<group>"; };
		8C65FEF02E542DD600C51B85 /* PersistenceController.swift */ = {isa = PBXFileReference; lastKnownFileType = sourcecode.swift; path = PersistenceController.swift; sourceTree = "<group>"; };
		8C65FEF12E542DD600C51B85 /* StorageManager.swift */ = {isa = PBXFileReference; lastKnownFileType = sourcecode.swift; path = StorageManager.swift; sourceTree = "<group>"; };
		8C65FEF22E542DD600C51B85 /* TranscriptionService.swift */ = {isa = PBXFileReference; lastKnownFileType = sourcecode.swift; path = TranscriptionService.swift; sourceTree = "<group>"; };
		8C65FF002E542DE700C51B85 /* Vera.xcdatamodel */ = {isa = PBXFileReference; lastKnownFileType = wrapper.xcdatamodel; path = Vera.xcdatamodel; sourceTree = "<group>"; };
		8C65FF022E542DF100C51B85 /* VeraApp.swift */ = {isa = PBXFileReference; lastKnownFileType = sourcecode.swift; path = VeraApp.swift; sourceTree = "<group>"; };
		8C65FF042E542DF700C51B85 /* PrimaryButtonStyle.swift */ = {isa = PBXFileReference; lastKnownFileType = sourcecode.swift; path = PrimaryButtonStyle.swift; sourceTree = "<group>"; };
		8C65FF062E542DF700C51B85 /* NoteListView.swift */ = {isa = PBXFileReference; lastKnownFileType = sourcecode.swift; path = NoteListView.swift; sourceTree = "<group>"; };
		8C65FF072E542DF700C51B85 /* SingleNoteView.swift */ = {isa = PBXFileReference; lastKnownFileType = sourcecode.swift; path = SingleNoteView.swift; sourceTree = "<group>"; };
		8C65FF082E542DF700C51B85 /* TranscriptView.swift */ = {isa = PBXFileReference; lastKnownFileType = sourcecode.swift; path = TranscriptView.swift; sourceTree = "<group>"; };
		8CC427B32E4845DD003D5E74 /* Accelerate.framework */ = {isa = PBXFileReference; lastKnownFileType = wrapper.framework; name = Accelerate.framework; path = System/Library/Frameworks/Accelerate.framework; sourceTree = SDKROOT; };
		8CC427B52E4845E5003D5E74 /* Metal.framework */ = {isa = PBXFileReference; lastKnownFileType = wrapper.framework; name = Metal.framework; path = System/Library/Frameworks/Metal.framework; sourceTree = SDKROOT; };
		8CC427B72E4845F0003D5E74 /* MetalPerformanceShaders.framework */ = {isa = PBXFileReference; lastKnownFileType = wrapper.framework; name = MetalPerformanceShaders.framework; path = System/Library/Frameworks/MetalPerformanceShaders.framework; sourceTree = SDKROOT; };
		8CC427B92E4845F5003D5E74 /* CoreML.framework */ = {isa = PBXFileReference; lastKnownFileType = wrapper.framework; name = CoreML.framework; path = System/Library/Frameworks/CoreML.framework; sourceTree = SDKROOT; };
		8CE8DB172E457610006A9CB2 /* Vera.app */ = {isa = PBXFileReference; explicitFileType = wrapper.application; includeInIndex = 0; path = Vera.app; sourceTree = BUILT_PRODUCTS_DIR; };
		8CE8DB292E457611006A9CB2 /* VeraTests.xctest */ = {isa = PBXFileReference; explicitFileType = wrapper.cfbundle; includeInIndex = 0; path = VeraTests.xctest; sourceTree = BUILT_PRODUCTS_DIR; };
		8CE8DB332E457611006A9CB2 /* VeraUITests.xctest */ = {isa = PBXFileReference; explicitFileType = wrapper.cfbundle; includeInIndex = 0; path = VeraUITests.xctest; sourceTree = BUILT_PRODUCTS_DIR; };
/* End PBXFileReference section */

/* Begin PBXFileSystemSynchronizedRootGroup section */
		8CE8DB2C2E457611006A9CB2 /* VeraTests */ = {
			isa = PBXFileSystemSynchronizedRootGroup;
			path = VeraTests;
			sourceTree = "<group>";
		};
		8CE8DB362E457611006A9CB2 /* VeraUITests */ = {
			isa = PBXFileSystemSynchronizedRootGroup;
			path = VeraUITests;
			sourceTree = "<group>";
		};
/* End PBXFileSystemSynchronizedRootGroup section */

/* Begin PBXFrameworksBuildPhase section */
		8CE8DB142E457610006A9CB2 /* Frameworks */ = {
			isa = PBXFrameworksBuildPhase;
			buildActionMask = 2147483647;
			files = (
				8CC427BA2E4845F5003D5E74 /* CoreML.framework in Frameworks */,
				8CC427B82E4845F0003D5E74 /* MetalPerformanceShaders.framework in Frameworks */,
				8CC427B62E4845E5003D5E74 /* Metal.framework in Frameworks */,
				8C2AADD42E4C741D00AE8768 /* LeapSDK in Frameworks */,
				8C2AADD22E4C741D00AE8768 /* LeapModelDownloader in Frameworks */,
				8CC427B42E4845DD003D5E74 /* Accelerate.framework in Frameworks */,
			);
			runOnlyForDeploymentPostprocessing = 0;
		};
		8CE8DB262E457611006A9CB2 /* Frameworks */ = {
			isa = PBXFrameworksBuildPhase;
			buildActionMask = 2147483647;
			files = (
			);
			runOnlyForDeploymentPostprocessing = 0;
		};
		8CE8DB302E457611006A9CB2 /* Frameworks */ = {
			isa = PBXFrameworksBuildPhase;
			buildActionMask = 2147483647;
			files = (
			);
			runOnlyForDeploymentPostprocessing = 0;
		};
/* End PBXFrameworksBuildPhase section */

/* Begin PBXGroup section */
		8C65FEE92E542DD600C51B85 /* Extensions */ = {
			isa = PBXGroup;
			children = (
				8C65FEE72E542DD600C51B85 /* Color+Extensions.swift */,
				8C65FEE82E542DD600C51B85 /* View+InnerShadow.swift */,
			);
			path = Extensions;
			sourceTree = "<group>";
		};
		8C65FEEB2E542DD600C51B85 /* Models */ = {
			isa = PBXGroup;
			children = (
				8C65FEEA2E542DD600C51B85 /* Meeting.swift */,
			);
			path = Models;
			sourceTree = "<group>";
		};
		8C65FEF32E542DD600C51B85 /* Services */ = {
			isa = PBXGroup;
			children = (
				8C65FEEC2E542DD600C51B85 /* AudioRecorder.swift */,
				8C65FEED2E542DD600C51B85 /* LFM2Manager.swift */,
				8C65FEEE2E542DD600C51B85 /* MeetingEnhancementService.swift */,
				8C65FEEF2E542DD600C51B85 /* MeetingRecordingService.swift */,
				8C65FEF02E542DD600C51B85 /* PersistenceController.swift */,
				8C65FEF12E542DD600C51B85 /* StorageManager.swift */,
				8C65FEF22E542DD600C51B85 /* TranscriptionService.swift */,
			);
			path = Services;
			sourceTree = "<group>";
		};
		8C65FEF42E542DD600C51B85 /* Core */ = {
			isa = PBXGroup;
			children = (
				8C65FEE92E542DD600C51B85 /* Extensions */,
				8C65FEEB2E542DD600C51B85 /* Models */,
				8C65FEF32E542DD600C51B85 /* Services */,
			);
			path = Core;
			sourceTree = "<group>";
		};
		8C65FF052E542DF700C51B85 /* Components */ = {
			isa = PBXGroup;
			children = (
				8C65FF042E542DF700C51B85 /* PrimaryButtonStyle.swift */,
			);
			path = Components;
			sourceTree = "<group>";
		};
		8C65FF092E542DF700C51B85 /* Views */ = {
			isa = PBXGroup;
			children = (
				8C65FF052E542DF700C51B85 /* Components */,
				8C65FF062E542DF700C51B85 /* NoteListView.swift */,
				8C65FF072E542DF700C51B85 /* SingleNoteView.swift */,
				8C65FF082E542DF700C51B85 /* TranscriptView.swift */,
			);
			path = Views;
			sourceTree = "<group>";
		};
		8CC427B22E4845DD003D5E74 /* Frameworks */ = {
			isa = PBXGroup;
			children = (
				8CC427B92E4845F5003D5E74 /* CoreML.framework */,
				8CC427B72E4845F0003D5E74 /* MetalPerformanceShaders.framework */,
				8CC427B52E4845E5003D5E74 /* Metal.framework */,
				8CC427B32E4845DD003D5E74 /* Accelerate.framework */,
			);
			name = Frameworks;
			sourceTree = "<group>";
		};
		8CE8DB0E2E457610006A9CB2 = {
			isa = PBXGroup;
			children = (
				8CE8DB2C2E457611006A9CB2 /* VeraTests */,
				8CE8DB362E457611006A9CB2 /* VeraUITests */,
				8CC427B22E4845DD003D5E74 /* Frameworks */,
				8CE8DB182E457610006A9CB2 /* Products */,
				8C65FECF2E542D0000C51B85 /* LFM2-700M-8da4w_output_8da8w-seq_4096.bundle */,
				8C65FEE32E542DC200C51B85 /* Assets.xcassets */,
				8C65FEE52E542DCD00C51B85 /* ContentView.swift */,
				8C65FEF42E542DD600C51B85 /* Core */,
				8C65FEFF2E542DE700C51B85 /* Vera.xcdatamodeld */,
				8C65FF022E542DF100C51B85 /* VeraApp.swift */,
				8C65FF092E542DF700C51B85 /* Views */,
			);
			sourceTree = "<group>";
		};
		8CE8DB182E457610006A9CB2 /* Products */ = {
			isa = PBXGroup;
			children = (
				8CE8DB172E457610006A9CB2 /* Vera.app */,
				8CE8DB292E457611006A9CB2 /* VeraTests.xctest */,
				8CE8DB332E457611006A9CB2 /* VeraUITests.xctest */,
			);
			name = Products;
			sourceTree = "<group>";
		};
/* End PBXGroup section */

/* Begin PBXNativeTarget section */
		8CE8DB162E457610006A9CB2 /* Vera */ = {
			isa = PBXNativeTarget;
			buildConfigurationList = 8CE8DB3D2E457611006A9CB2 /* Build configuration list for PBXNativeTarget "Vera" */;
			buildPhases = (
				8CE8DB132E457610006A9CB2 /* Sources */,
				8CE8DB142E457610006A9CB2 /* Frameworks */,
				8CE8DB152E457610006A9CB2 /* Resources */,
			);
			buildRules = (
			);
			dependencies = (
			);
			name = Vera;
			packageProductDependencies = (
				8C2AADD12E4C741D00AE8768 /* LeapModelDownloader */,
				8C2AADD32E4C741D00AE8768 /* LeapSDK */,
			);
			productName = Vera;
			productReference = 8CE8DB172E457610006A9CB2 /* Vera.app */;
			productType = "com.apple.product-type.application";
		};
		8CE8DB282E457611006A9CB2 /* VeraTests */ = {
			isa = PBXNativeTarget;
			buildConfigurationList = 8CE8DB402E457611006A9CB2 /* Build configuration list for PBXNativeTarget "VeraTests" */;
			buildPhases = (
				8CE8DB252E457611006A9CB2 /* Sources */,
				8CE8DB262E457611006A9CB2 /* Frameworks */,
				8CE8DB272E457611006A9CB2 /* Resources */,
			);
			buildRules = (
			);
			dependencies = (
				8CE8DB2B2E457611006A9CB2 /* PBXTargetDependency */,
			);
			fileSystemSynchronizedGroups = (
				8CE8DB2C2E457611006A9CB2 /* VeraTests */,
			);
			name = VeraTests;
			packageProductDependencies = (
			);
			productName = VeraTests;
			productReference = 8CE8DB292E457611006A9CB2 /* VeraTests.xctest */;
			productType = "com.apple.product-type.bundle.unit-test";
		};
		8CE8DB322E457611006A9CB2 /* VeraUITests */ = {
			isa = PBXNativeTarget;
			buildConfigurationList = 8CE8DB432E457611006A9CB2 /* Build configuration list for PBXNativeTarget "VeraUITests" */;
			buildPhases = (
				8CE8DB2F2E457611006A9CB2 /* Sources */,
				8CE8DB302E457611006A9CB2 /* Frameworks */,
				8CE8DB312E457611006A9CB2 /* Resources */,
			);
			buildRules = (
			);
			dependencies = (
				8CE8DB352E457611006A9CB2 /* PBXTargetDependency */,
			);
			fileSystemSynchronizedGroups = (
				8CE8DB362E457611006A9CB2 /* VeraUITests */,
			);
			name = VeraUITests;
			packageProductDependencies = (
			);
			productName = VeraUITests;
			productReference = 8CE8DB332E457611006A9CB2 /* VeraUITests.xctest */;
			productType = "com.apple.product-type.bundle.ui-testing";
		};
/* End PBXNativeTarget section */

/* Begin PBXProject section */
		8CE8DB0F2E457610006A9CB2 /* Project object */ = {
			isa = PBXProject;
			attributes = {
				BuildIndependentTargetsInParallel = 1;
				LastSwiftUpdateCheck = 1640;
				LastUpgradeCheck = 1640;
				TargetAttributes = {
					8CE8DB162E457610006A9CB2 = {
						CreatedOnToolsVersion = 16.4;
						LastSwiftMigration = 1640;
					};
					8CE8DB282E457611006A9CB2 = {
						CreatedOnToolsVersion = 16.4;
						TestTargetID = 8CE8DB162E457610006A9CB2;
					};
					8CE8DB322E457611006A9CB2 = {
						CreatedOnToolsVersion = 16.4;
						TestTargetID = 8CE8DB162E457610006A9CB2;
					};
				};
			};
			buildConfigurationList = 8CE8DB122E457610006A9CB2 /* Build configuration list for PBXProject "Vera" */;
			developmentRegion = en;
			hasScannedForEncodings = 0;
			knownRegions = (
				en,
				Base,
			);
			mainGroup = 8CE8DB0E2E457610006A9CB2;
			minimizedProjectReferenceProxies = 1;
			packageReferences = (
				8C2AADD02E4C741D00AE8768 /* XCRemoteSwiftPackageReference "leap-ios" */,
			);
			preferredProjectObjectVersion = 77;
			productRefGroup = 8CE8DB182E457610006A9CB2 /* Products */;
			projectDirPath = "";
			projectRoot = "";
			targets = (
				8CE8DB162E457610006A9CB2 /* Vera */,
				8CE8DB282E457611006A9CB2 /* VeraTests */,
				8CE8DB322E457611006A9CB2 /* VeraUITests */,
			);
		};
/* End PBXProject section */

/* Begin PBXResourcesBuildPhase section */
		8CE8DB152E457610006A9CB2 /* Resources */ = {
			isa = PBXResourcesBuildPhase;
			buildActionMask = 2147483647;
			files = (
				8C65FEE42E542DC200C51B85 /* Assets.xcassets in Resources */,
				8C65FED02E542D0000C51B85 /* LFM2-700M-8da4w_output_8da8w-seq_4096.bundle in Resources */,
			);
			runOnlyForDeploymentPostprocessing = 0;
		};
		8CE8DB272E457611006A9CB2 /* Resources */ = {
			isa = PBXResourcesBuildPhase;
			buildActionMask = 2147483647;
			files = (
			);
			runOnlyForDeploymentPostprocessing = 0;
		};
		8CE8DB312E457611006A9CB2 /* Resources */ = {
			isa = PBXResourcesBuildPhase;
			buildActionMask = 2147483647;
			files = (
			);
			runOnlyForDeploymentPostprocessing = 0;
		};
/* End PBXResourcesBuildPhase section */

/* Begin PBXSourcesBuildPhase section */
		8CE8DB132E457610006A9CB2 /* Sources */ = {
			isa = PBXSourcesBuildPhase;
			buildActionMask = 2147483647;
			files = (
				8C65FEF52E542DD600C51B85 /* TranscriptionService.swift in Sources */,
				8C65FEF62E542DD600C51B85 /* MeetingRecordingService.swift in Sources */,
				8C65FEF72E542DD600C51B85 /* View+InnerShadow.swift in Sources */,
				8C65FF032E542DF100C51B85 /* VeraApp.swift in Sources */,
				8C65FF012E542DE700C51B85 /* Vera.xcdatamodeld in Sources */,
				8C65FEF82E542DD600C51B85 /* PersistenceController.swift in Sources */,
				8C65FEF92E542DD600C51B85 /* StorageManager.swift in Sources */,
				8C65FEFA2E542DD600C51B85 /* Color+Extensions.swift in Sources */,
				8C65FF0A2E542DF700C51B85 /* SingleNoteView.swift in Sources */,
				8C65FF0B2E542DF700C51B85 /* TranscriptView.swift in Sources */,
				8C65FF0C2E542DF700C51B85 /* NoteListView.swift in Sources */,
				8C65FF0D2E542DF700C51B85 /* PrimaryButtonStyle.swift in Sources */,
				8C65FEFB2E542DD600C51B85 /* MeetingEnhancementService.swift in Sources */,
				8C65FEFC2E542DD600C51B85 /* AudioRecorder.swift in Sources */,
				8C65FEFD2E542DD600C51B85 /* LFM2Manager.swift in Sources */,
				8C65FEFE2E542DD600C51B85 /* Meeting.swift in Sources */,
				8C65FEE62E542DCD00C51B85 /* ContentView.swift in Sources */,
			);
			runOnlyForDeploymentPostprocessing = 0;
		};
		8CE8DB252E457611006A9CB2 /* Sources */ = {
			isa = PBXSourcesBuildPhase;
			buildActionMask = 2147483647;
			files = (
			);
			runOnlyForDeploymentPostprocessing = 0;
		};
		8CE8DB2F2E457611006A9CB2 /* Sources */ = {
			isa = PBXSourcesBuildPhase;
			buildActionMask = 2147483647;
			files = (
			);
			runOnlyForDeploymentPostprocessing = 0;
		};
/* End PBXSourcesBuildPhase section */

/* Begin PBXTargetDependency section */
		8CE8DB2B2E457611006A9CB2 /* PBXTargetDependency */ = {
			isa = PBXTargetDependency;
			target = 8CE8DB162E457610006A9CB2 /* Vera */;
			targetProxy = 8CE8DB2A2E457611006A9CB2 /* PBXContainerItemProxy */;
		};
		8CE8DB352E457611006A9CB2 /* PBXTargetDependency */ = {
			isa = PBXTargetDependency;
			target = 8CE8DB162E457610006A9CB2 /* Vera */;
			targetProxy = 8CE8DB342E457611006A9CB2 /* PBXContainerItemProxy */;
		};
/* End PBXTargetDependency section */

/* Begin XCBuildConfiguration section */
		8CE8DB3B2E457611006A9CB2 /* Debug */ = {
			isa = XCBuildConfiguration;
			buildSettings = {
				ALWAYS_SEARCH_USER_PATHS = NO;
				ASSETCATALOG_COMPILER_GENERATE_SWIFT_ASSET_SYMBOL_EXTENSIONS = YES;
				CLANG_ANALYZER_NONNULL = YES;
				CLANG_ANALYZER_NUMBER_OBJECT_CONVERSION = YES_AGGRESSIVE;
				CLANG_CXX_LANGUAGE_STANDARD = "gnu++20";
				CLANG_ENABLE_MODULES = YES;
				CLANG_ENABLE_OBJC_ARC = YES;
				CLANG_ENABLE_OBJC_WEAK = YES;
				CLANG_WARN_BLOCK_CAPTURE_AUTORELEASING = YES;
				CLANG_WARN_BOOL_CONVERSION = YES;
				CLANG_WARN_COMMA = YES;
				CLANG_WARN_CONSTANT_CONVERSION = YES;
				CLANG_WARN_DEPRECATED_OBJC_IMPLEMENTATIONS = YES;
				CLANG_WARN_DIRECT_OBJC_ISA_USAGE = YES_ERROR;
				CLANG_WARN_DOCUMENTATION_COMMENTS = YES;
				CLANG_WARN_EMPTY_BODY = YES;
				CLANG_WARN_ENUM_CONVERSION = YES;
				CLANG_WARN_INFINITE_RECURSION = YES;
				CLANG_WARN_INT_CONVERSION = YES;
				CLANG_WARN_NON_LITERAL_NULL_CONVERSION = YES;
				CLANG_WARN_OBJC_IMPLICIT_RETAIN_SELF = YES;
				CLANG_WARN_OBJC_LITERAL_CONVERSION = YES;
				CLANG_WARN_OBJC_ROOT_CLASS = YES_ERROR;
				CLANG_WARN_QUOTED_INCLUDE_IN_FRAMEWORK_HEADER = YES;
				CLANG_WARN_RANGE_LOOP_ANALYSIS = YES;
				CLANG_WARN_STRICT_PROTOTYPES = YES;
				CLANG_WARN_SUSPICIOUS_MOVE = YES;
				CLANG_WARN_UNGUARDED_AVAILABILITY = YES_AGGRESSIVE;
				CLANG_WARN_UNREACHABLE_CODE = YES;
				CLANG_WARN__DUPLICATE_METHOD_MATCH = YES;
				COPY_PHASE_STRIP = NO;
				DEBUG_INFORMATION_FORMAT = dwarf;
				DEVELOPMENT_TEAM = M6QB73QRG6;
				ENABLE_STRICT_OBJC_MSGSEND = YES;
				ENABLE_TESTABILITY = YES;
				ENABLE_USER_SCRIPT_SANDBOXING = YES;
				GCC_C_LANGUAGE_STANDARD = gnu17;
				GCC_DYNAMIC_NO_PIC = NO;
				GCC_NO_COMMON_BLOCKS = YES;
				GCC_OPTIMIZATION_LEVEL = 0;
				GCC_PREPROCESSOR_DEFINITIONS = (
					"DEBUG=1",
					"$(inherited)",
				);
				GCC_WARN_64_TO_32_BIT_CONVERSION = YES;
				GCC_WARN_ABOUT_RETURN_TYPE = YES_ERROR;
				GCC_WARN_UNDECLARED_SELECTOR = YES;
				GCC_WARN_UNINITIALIZED_AUTOS = YES_AGGRESSIVE;
				GCC_WARN_UNUSED_FUNCTION = YES;
				GCC_WARN_UNUSED_VARIABLE = YES;
				IPHONEOS_DEPLOYMENT_TARGET = 18.5;
				LOCALIZATION_PREFERS_STRING_CATALOGS = YES;
				MTL_ENABLE_DEBUG_INFO = INCLUDE_SOURCE;
				MTL_FAST_MATH = YES;
				ONLY_ACTIVE_ARCH = YES;
				SDKROOT = iphoneos;
				SWIFT_ACTIVE_COMPILATION_CONDITIONS = "DEBUG $(inherited)";
				SWIFT_OPTIMIZATION_LEVEL = "-Onone";
			};
			name = Debug;
		};
		8CE8DB3C2E457611006A9CB2 /* Release */ = {
			isa = XCBuildConfiguration;
			buildSettings = {
				ALWAYS_SEARCH_USER_PATHS = NO;
				ASSETCATALOG_COMPILER_GENERATE_SWIFT_ASSET_SYMBOL_EXTENSIONS = YES;
				CLANG_ANALYZER_NONNULL = YES;
				CLANG_ANALYZER_NUMBER_OBJECT_CONVERSION = YES_AGGRESSIVE;
				CLANG_CXX_LANGUAGE_STANDARD = "gnu++20";
				CLANG_ENABLE_MODULES = YES;
				CLANG_ENABLE_OBJC_ARC = YES;
				CLANG_ENABLE_OBJC_WEAK = YES;
				CLANG_WARN_BLOCK_CAPTURE_AUTORELEASING = YES;
				CLANG_WARN_BOOL_CONVERSION = YES;
				CLANG_WARN_COMMA = YES;
				CLANG_WARN_CONSTANT_CONVERSION = YES;
				CLANG_WARN_DEPRECATED_OBJC_IMPLEMENTATIONS = YES;
				CLANG_WARN_DIRECT_OBJC_ISA_USAGE = YES_ERROR;
				CLANG_WARN_DOCUMENTATION_COMMENTS = YES;
				CLANG_WARN_EMPTY_BODY = YES;
				CLANG_WARN_ENUM_CONVERSION = YES;
				CLANG_WARN_INFINITE_RECURSION = YES;
				CLANG_WARN_INT_CONVERSION = YES;
				CLANG_WARN_NON_LITERAL_NULL_CONVERSION = YES;
				CLANG_WARN_OBJC_IMPLICIT_RETAIN_SELF = YES;
				CLANG_WARN_OBJC_LITERAL_CONVERSION = YES;
				CLANG_WARN_OBJC_ROOT_CLASS = YES_ERROR;
				CLANG_WARN_QUOTED_INCLUDE_IN_FRAMEWORK_HEADER = YES;
				CLANG_WARN_RANGE_LOOP_ANALYSIS = YES;
				CLANG_WARN_STRICT_PROTOTYPES = YES;
				CLANG_WARN_SUSPICIOUS_MOVE = YES;
				CLANG_WARN_UNGUARDED_AVAILABILITY = YES_AGGRESSIVE;
				CLANG_WARN_UNREACHABLE_CODE = YES;
				CLANG_WARN__DUPLICATE_METHOD_MATCH = YES;
				COPY_PHASE_STRIP = NO;
				DEBUG_INFORMATION_FORMAT = "dwarf-with-dsym";
				DEVELOPMENT_TEAM = M6QB73QRG6;
				ENABLE_NS_ASSERTIONS = NO;
				ENABLE_STRICT_OBJC_MSGSEND = YES;
				ENABLE_USER_SCRIPT_SANDBOXING = YES;
				GCC_C_LANGUAGE_STANDARD = gnu17;
				GCC_NO_COMMON_BLOCKS = YES;
				GCC_WARN_64_TO_32_BIT_CONVERSION = YES;
				GCC_WARN_ABOUT_RETURN_TYPE = YES_ERROR;
				GCC_WARN_UNDECLARED_SELECTOR = YES;
				GCC_WARN_UNINITIALIZED_AUTOS = YES_AGGRESSIVE;
				GCC_WARN_UNUSED_FUNCTION = YES;
				GCC_WARN_UNUSED_VARIABLE = YES;
				IPHONEOS_DEPLOYMENT_TARGET = 18.5;
				LOCALIZATION_PREFERS_STRING_CATALOGS = YES;
				MTL_ENABLE_DEBUG_INFO = NO;
				MTL_FAST_MATH = YES;
				SDKROOT = iphoneos;
				SWIFT_COMPILATION_MODE = wholemodule;
				VALIDATE_PRODUCT = YES;
			};
			name = Release;
		};
		8CE8DB3E2E457611006A9CB2 /* Debug */ = {
			isa = XCBuildConfiguration;
			buildSettings = {
				ASSETCATALOG_COMPILER_APPICON_NAME = AppIcon;
				ASSETCATALOG_COMPILER_GLOBAL_ACCENT_COLOR_NAME = AccentColor;
				CLANG_ENABLE_MODULES = YES;
				CODE_SIGN_STYLE = Automatic;
				CURRENT_PROJECT_VERSION = 1;
				DEVELOPMENT_TEAM = M6QB73QRG6;
				ENABLE_PREVIEWS = YES;
				GENERATE_INFOPLIST_FILE = YES;
				INFOPLIST_KEY_NSMicrophoneUsageDescription = "Vera needs microphone access to record your thoughts and ideas for organization.";
				INFOPLIST_KEY_NSSpeechRecognitionUsageDescription = "Vera transcribes your speech locally to organize your thoughts without sending data to any servers.";
				INFOPLIST_KEY_NSUserNotificationsUsageDescription = "Vera sends reminders about your actions and insights from your recorded thoughts.";
				INFOPLIST_KEY_UIApplicationSceneManifest_Generation = YES;
				INFOPLIST_KEY_UIApplicationSupportsIndirectInputEvents = YES;
				INFOPLIST_KEY_UILaunchScreen_Generation = YES;
				INFOPLIST_KEY_UISupportedInterfaceOrientations_iPad = "UIInterfaceOrientationPortrait UIInterfaceOrientationPortraitUpsideDown UIInterfaceOrientationLandscapeLeft UIInterfaceOrientationLandscapeRight";
				INFOPLIST_KEY_UISupportedInterfaceOrientations_iPhone = "UIInterfaceOrientationPortrait UIInterfaceOrientationLandscapeLeft UIInterfaceOrientationLandscapeRight";
				LD_RUNPATH_SEARCH_PATHS = (
					"$(inherited)",
					"@executable_path/Frameworks",
				);
				MARKETING_VERSION = 1.0;
				OTHER_LDFLAGS = (
					"-ObjC",
					"-all_load",
				);
				PRODUCT_BUNDLE_IDENTIFIER = com.lechiffre.Vera;
				PRODUCT_NAME = "$(TARGET_NAME)";
				SWIFT_EMIT_LOC_STRINGS = YES;
				SWIFT_OPTIMIZATION_LEVEL = "-Onone";
				SWIFT_VERSION = 5.0;
				TARGETED_DEVICE_FAMILY = "1,2";
			};
			name = Debug;
		};
		8CE8DB3F2E457611006A9CB2 /* Release */ = {
			isa = XCBuildConfiguration;
			buildSettings = {
				ASSETCATALOG_COMPILER_APPICON_NAME = AppIcon;
				ASSETCATALOG_COMPILER_GLOBAL_ACCENT_COLOR_NAME = AccentColor;
				CLANG_ENABLE_MODULES = YES;
				CODE_SIGN_STYLE = Automatic;
				CURRENT_PROJECT_VERSION = 1;
				DEVELOPMENT_TEAM = M6QB73QRG6;
				ENABLE_PREVIEWS = YES;
				GENERATE_INFOPLIST_FILE = YES;
				INFOPLIST_KEY_NSMicrophoneUsageDescription = "Vera needs microphone access to record your thoughts and ideas for organization.";
				INFOPLIST_KEY_NSSpeechRecognitionUsageDescription = "Vera transcribes your speech locally to organize your thoughts without sending data to any servers.";
				INFOPLIST_KEY_NSUserNotificationsUsageDescription = "Vera sends reminders about your actions and insights from your recorded thoughts.";
				INFOPLIST_KEY_UIApplicationSceneManifest_Generation = YES;
				INFOPLIST_KEY_UIApplicationSupportsIndirectInputEvents = YES;
				INFOPLIST_KEY_UILaunchScreen_Generation = YES;
				INFOPLIST_KEY_UISupportedInterfaceOrientations_iPad = "UIInterfaceOrientationPortrait UIInterfaceOrientationPortraitUpsideDown UIInterfaceOrientationLandscapeLeft UIInterfaceOrientationLandscapeRight";
				INFOPLIST_KEY_UISupportedInterfaceOrientations_iPhone = "UIInterfaceOrientationPortrait UIInterfaceOrientationLandscapeLeft UIInterfaceOrientationLandscapeRight";
				LD_RUNPATH_SEARCH_PATHS = (
					"$(inherited)",
					"@executable_path/Frameworks",
				);
				MARKETING_VERSION = 1.0;
				OTHER_LDFLAGS = (
					"-ObjC",
					"-all_load",
				);
				PRODUCT_BUNDLE_IDENTIFIER = com.lechiffre.Vera;
				PRODUCT_NAME = "$(TARGET_NAME)";
				SWIFT_EMIT_LOC_STRINGS = YES;
				SWIFT_VERSION = 5.0;
				TARGETED_DEVICE_FAMILY = "1,2";
			};
			name = Release;
		};
		8CE8DB412E457611006A9CB2 /* Debug */ = {
			isa = XCBuildConfiguration;
			buildSettings = {
				BUNDLE_LOADER = "$(TEST_HOST)";
				CODE_SIGN_STYLE = Automatic;
				CURRENT_PROJECT_VERSION = 1;
				DEVELOPMENT_TEAM = M6QB73QRG6;
				GENERATE_INFOPLIST_FILE = YES;
				IPHONEOS_DEPLOYMENT_TARGET = 18.5;
				MARKETING_VERSION = 1.0;
				PRODUCT_BUNDLE_IDENTIFIER = com.lechiffre.VeraTests;
				PRODUCT_NAME = "$(TARGET_NAME)";
				SWIFT_EMIT_LOC_STRINGS = NO;
				SWIFT_VERSION = 5.0;
				TARGETED_DEVICE_FAMILY = "1,2";
				TEST_HOST = "$(BUILT_PRODUCTS_DIR)/Vera.app/$(BUNDLE_EXECUTABLE_FOLDER_PATH)/Vera";
			};
			name = Debug;
		};
		8CE8DB422E457611006A9CB2 /* Release */ = {
			isa = XCBuildConfiguration;
			buildSettings = {
				BUNDLE_LOADER = "$(TEST_HOST)";
				CODE_SIGN_STYLE = Automatic;
				CURRENT_PROJECT_VERSION = 1;
				DEVELOPMENT_TEAM = M6QB73QRG6;
				GENERATE_INFOPLIST_FILE = YES;
				IPHONEOS_DEPLOYMENT_TARGET = 18.5;
				MARKETING_VERSION = 1.0;
				PRODUCT_BUNDLE_IDENTIFIER = com.lechiffre.VeraTests;
				PRODUCT_NAME = "$(TARGET_NAME)";
				SWIFT_EMIT_LOC_STRINGS = NO;
				SWIFT_VERSION = 5.0;
				TARGETED_DEVICE_FAMILY = "1,2";
				TEST_HOST = "$(BUILT_PRODUCTS_DIR)/Vera.app/$(BUNDLE_EXECUTABLE_FOLDER_PATH)/Vera";
			};
			name = Release;
		};
		8CE8DB442E457611006A9CB2 /* Debug */ = {
			isa = XCBuildConfiguration;
			buildSettings = {
				CODE_SIGN_STYLE = Automatic;
				CURRENT_PROJECT_VERSION = 1;
				DEVELOPMENT_TEAM = M6QB73QRG6;
				GENERATE_INFOPLIST_FILE = YES;
				MARKETING_VERSION = 1.0;
				PRODUCT_BUNDLE_IDENTIFIER = com.lechiffre.VeraUITests;
				PRODUCT_NAME = "$(TARGET_NAME)";
				SWIFT_EMIT_LOC_STRINGS = NO;
				SWIFT_VERSION = 5.0;
				TARGETED_DEVICE_FAMILY = "1,2";
				TEST_TARGET_NAME = Vera;
			};
			name = Debug;
		};
		8CE8DB452E457611006A9CB2 /* Release */ = {
			isa = XCBuildConfiguration;
			buildSettings = {
				CODE_SIGN_STYLE = Automatic;
				CURRENT_PROJECT_VERSION = 1;
				DEVELOPMENT_TEAM = M6QB73QRG6;
				GENERATE_INFOPLIST_FILE = YES;
				MARKETING_VERSION = 1.0;
				PRODUCT_BUNDLE_IDENTIFIER = com.lechiffre.VeraUITests;
				PRODUCT_NAME = "$(TARGET_NAME)";
				SWIFT_EMIT_LOC_STRINGS = NO;
				SWIFT_VERSION = 5.0;
				TARGETED_DEVICE_FAMILY = "1,2";
				TEST_TARGET_NAME = Vera;
			};
			name = Release;
		};
/* End XCBuildConfiguration section */

/* Begin XCConfigurationList section */
		8CE8DB122E457610006A9CB2 /* Build configuration list for PBXProject "Vera" */ = {
			isa = XCConfigurationList;
			buildConfigurations = (
				8CE8DB3B2E457611006A9CB2 /* Debug */,
				8CE8DB3C2E457611006A9CB2 /* Release */,
			);
			defaultConfigurationIsVisible = 0;
			defaultConfigurationName = Release;
		};
		8CE8DB3D2E457611006A9CB2 /* Build configuration list for PBXNativeTarget "Vera" */ = {
			isa = XCConfigurationList;
			buildConfigurations = (
				8CE8DB3E2E457611006A9CB2 /* Debug */,
				8CE8DB3F2E457611006A9CB2 /* Release */,
			);
			defaultConfigurationIsVisible = 0;
			defaultConfigurationName = Release;
		};
		8CE8DB402E457611006A9CB2 /* Build configuration list for PBXNativeTarget "VeraTests" */ = {
			isa = XCConfigurationList;
			buildConfigurations = (
				8CE8DB412E457611006A9CB2 /* Debug */,
				8CE8DB422E457611006A9CB2 /* Release */,
			);
			defaultConfigurationIsVisible = 0;
			defaultConfigurationName = Release;
		};
		8CE8DB432E457611006A9CB2 /* Build configuration list for PBXNativeTarget "VeraUITests" */ = {
			isa = XCConfigurationList;
			buildConfigurations = (
				8CE8DB442E457611006A9CB2 /* Debug */,
				8CE8DB452E457611006A9CB2 /* Release */,
			);
			defaultConfigurationIsVisible = 0;
			defaultConfigurationName = Release;
		};
/* End XCConfigurationList section */

/* Begin XCRemoteSwiftPackageReference section */
		8C2AADD02E4C741D00AE8768 /* XCRemoteSwiftPackageReference "leap-ios" */ = {
			isa = XCRemoteSwiftPackageReference;
			repositoryURL = "https://github.com/Liquid4All/leap-ios.git";
			requirement = {
				branch = main;
				kind = branch;
			};
		};
/* End XCRemoteSwiftPackageReference section */

/* Begin XCSwiftPackageProductDependency section */
		8C2AADD12E4C741D00AE8768 /* LeapModelDownloader */ = {
			isa = XCSwiftPackageProductDependency;
			package = 8C2AADD02E4C741D00AE8768 /* XCRemoteSwiftPackageReference "leap-ios" */;
			productName = LeapModelDownloader;
		};
		8C2AADD32E4C741D00AE8768 /* LeapSDK */ = {
			isa = XCSwiftPackageProductDependency;
			package = 8C2AADD02E4C741D00AE8768 /* XCRemoteSwiftPackageReference "leap-ios" */;
			productName = LeapSDK;
		};
/* End XCSwiftPackageProductDependency section */

/* Begin XCVersionGroup section */
		8C65FEFF2E542DE700C51B85 /* Vera.xcdatamodeld */ = {
			isa = XCVersionGroup;
			children = (
				8C65FF002E542DE700C51B85 /* Vera.xcdatamodel */,
			);
			currentVersion = 8C65FF002E542DE700C51B85 /* Vera.xcdatamodel */;
			path = Vera.xcdatamodeld;
			sourceTree = "<group>";
			versionGroupType = wrapper.xcdatamodel;
		};
/* End XCVersionGroup section */
	};
	rootObject = 8CE8DB0F2E457610006A9CB2 /* Project object */;
}
